
Microsoft Visual Studio Solution File, Format Version 12.00
# Visual Studio Version 16
VisualStudioVersion = 16.0.31624.102
MinimumVisualStudioVersion = 10.0.40219.1
Project("{FAE04EC0-301F-11D3-BF4B-00C04F79EFBC}") = "senai.hroads.webApi", "senai.hroads.webApi\senai.hroads.webApi.csproj", "{232ABBCA-537B-4408-A2C9-5E6B974916E2}"
EndProject
Global
	GlobalSection(SolutionConfigurationPlatforms) = preSolution
		Debug|Any CPU = Debug|Any CPU
		Release|Any CPU = Release|Any CPU
	EndGlobalSection
	GlobalSection(ProjectConfigurationPlatforms) = postSolution
		{232ABBCA-537B-4408-A2C9-5E6B974916E2}.Debug|Any CPU.ActiveCfg = Debug|Any CPU
		{232ABBCA-537B-4408-A2C9-5E6B974916E2}.Debug|Any CPU.Build.0 = Debug|Any CPU
		{232ABBCA-537B-4408-A2C9-5E6B974916E2}.Release|Any CPU.ActiveCfg = Release|Any CPU
		{232ABBCA-537B-4408-A2C9-5E6B974916E2}.Release|Any CPU.Build.0 = Release|Any CPU
	EndGlobalSection
	GlobalSection(SolutionProperties) = preSolution
		HideSolutionNode = FALSE
	EndGlobalSection
	GlobalSection(ExtensibilityGlobals) = postSolution
		SolutionGuid = {F2BD4B12-0E5E-40DE-8D2D-DD10AC49899A}
	EndGlobalSection
EndGlobal
